
Microsoft Visual Studio Solution File, Format Version 12.00
# Visual Studio Version 17
VisualStudioVersion = 17.0.31919.166
MinimumVisualStudioVersion = 10.0.40219.1
Project("{9A19103F-16F7-4668-BE54-9A1E7A4F7556}") = "HelloWorld", "HelloWorld\HelloWorld.csproj", "{547937F0-F6B2-48C6-BF5D-13EC1B42F857}"
EndProject
Project("{2150E333-8FDC-42A3-9474-1A3956D46DE8}") = "Modul01_Einstieg", "Modul01_Einstieg", "{97295DBF-4430-4F1F-ABC7-BB51B9105ECA}"
EndProject
Project("{9A19103F-16F7-4668-BE54-9A1E7A4F7556}") = "VariablesDataTypesSample", "VariablesDataTypesSample\VariablesDataTypesSample.csproj", "{639FA760-AB0B-47EB-ABBA-01D05FB44AEE}"
EndProject
Project("{2150E333-8FDC-42A3-9474-1A3956D46DE8}") = "Modul02_DatentypenVariablen", "Modul02_DatentypenVariablen", "{B05C5FED-D805-44DD-A4DE-0523B7F41C6A}"
EndProject
Project("{9A19103F-16F7-4668-BE54-9A1E7A4F7556}") = "Modul02_LabLoesung", "Modul02_LabLoesung\Modul02_LabLoesung.csproj", "{E2FA6343-17BB-4E89-B49F-B8207ED326C7}"
EndProject
Project("{2150E333-8FDC-42A3-9474-1A3956D46DE8}") = "Modul03_Array_Bedinungen", "Modul03_Array_Bedinungen", "{150CCC14-2744-41B4-81E5-9F6AEA31907F}"
EndProject
Project("{9A19103F-16F7-4668-BE54-9A1E7A4F7556}") = "Array_Conditions_Sample", "Array_Conditions_Sample\Array_Conditions_Sample.csproj", "{596C4CC9-2A7D-42FF-943C-5179EF490C3D}"
EndProject
Project("{2150E333-8FDC-42A3-9474-1A3956D46DE8}") = "Modul04_Schleifen_Enum_Switch", "Modul04_Schleifen_Enum_Switch", "{EEAAC514-3B59-4487-BB96-EE2BD930682D}"
EndProject
Project("{FAE04EC0-301F-11D3-BF4B-00C04F79EFBC}") = "Modul004Demo", "Modul004Demo\Modul004Demo.csproj", "{81BECB96-5908-4D4A-ACC6-599E0C43B0FE}"
EndProject
Project("{FAE04EC0-301F-11D3-BF4B-00C04F79EFBC}") = "Modul004Solution", "Modul004Solution\Modul004Solution.csproj", "{43D5E810-8AC0-44D8-8F46-FCFBA3C3426A}"
EndProject
Global
	GlobalSection(SolutionConfigurationPlatforms) = preSolution
		Debug|Any CPU = Debug|Any CPU
		Release|Any CPU = Release|Any CPU
	EndGlobalSection
	GlobalSection(ProjectConfigurationPlatforms) = postSolution
		{547937F0-F6B2-48C6-BF5D-13EC1B42F857}.Debug|Any CPU.ActiveCfg = Debug|Any CPU
		{547937F0-F6B2-48C6-BF5D-13EC1B42F857}.Debug|Any CPU.Build.0 = Debug|Any CPU
		{547937F0-F6B2-48C6-BF5D-13EC1B42F857}.Release|Any CPU.ActiveCfg = Release|Any CPU
		{547937F0-F6B2-48C6-BF5D-13EC1B42F857}.Release|Any CPU.Build.0 = Release|Any CPU
		{639FA760-AB0B-47EB-ABBA-01D05FB44AEE}.Debug|Any CPU.ActiveCfg = Debug|Any CPU
		{639FA760-AB0B-47EB-ABBA-01D05FB44AEE}.Debug|Any CPU.Build.0 = Debug|Any CPU
		{639FA760-AB0B-47EB-ABBA-01D05FB44AEE}.Release|Any CPU.ActiveCfg = Release|Any CPU
		{639FA760-AB0B-47EB-ABBA-01D05FB44AEE}.Release|Any CPU.Build.0 = Release|Any CPU
		{E2FA6343-17BB-4E89-B49F-B8207ED326C7}.Debug|Any CPU.ActiveCfg = Debug|Any CPU
		{E2FA6343-17BB-4E89-B49F-B8207ED326C7}.Debug|Any CPU.Build.0 = Debug|Any CPU
		{E2FA6343-17BB-4E89-B49F-B8207ED326C7}.Release|Any CPU.ActiveCfg = Release|Any CPU
		{E2FA6343-17BB-4E89-B49F-B8207ED326C7}.Release|Any CPU.Build.0 = Release|Any CPU
		{596C4CC9-2A7D-42FF-943C-5179EF490C3D}.Debug|Any CPU.ActiveCfg = Debug|Any CPU
		{596C4CC9-2A7D-42FF-943C-5179EF490C3D}.Debug|Any CPU.Build.0 = Debug|Any CPU
		{596C4CC9-2A7D-42FF-943C-5179EF490C3D}.Release|Any CPU.ActiveCfg = Release|Any CPU
		{596C4CC9-2A7D-42FF-943C-5179EF490C3D}.Release|Any CPU.Build.0 = Release|Any CPU
		{81BECB96-5908-4D4A-ACC6-599E0C43B0FE}.Debug|Any CPU.ActiveCfg = Debug|Any CPU
		{81BECB96-5908-4D4A-ACC6-599E0C43B0FE}.Debug|Any CPU.Build.0 = Debug|Any CPU
		{81BECB96-5908-4D4A-ACC6-599E0C43B0FE}.Release|Any CPU.ActiveCfg = Release|Any CPU
		{81BECB96-5908-4D4A-ACC6-599E0C43B0FE}.Release|Any CPU.Build.0 = Release|Any CPU
		{43D5E810-8AC0-44D8-8F46-FCFBA3C3426A}.Debug|Any CPU.ActiveCfg = Debug|Any CPU
		{43D5E810-8AC0-44D8-8F46-FCFBA3C3426A}.Debug|Any CPU.Build.0 = Debug|Any CPU
		{43D5E810-8AC0-44D8-8F46-FCFBA3C3426A}.Release|Any CPU.ActiveCfg = Release|Any CPU
		{43D5E810-8AC0-44D8-8F46-FCFBA3C3426A}.Release|Any CPU.Build.0 = Release|Any CPU
	EndGlobalSection
	GlobalSection(SolutionProperties) = preSolution
		HideSolutionNode = FALSE
	EndGlobalSection
	GlobalSection(NestedProjects) = preSolution
		{547937F0-F6B2-48C6-BF5D-13EC1B42F857} = {97295DBF-4430-4F1F-ABC7-BB51B9105ECA}
		{639FA760-AB0B-47EB-ABBA-01D05FB44AEE} = {B05C5FED-D805-44DD-A4DE-0523B7F41C6A}
		{E2FA6343-17BB-4E89-B49F-B8207ED326C7} = {B05C5FED-D805-44DD-A4DE-0523B7F41C6A}
		{596C4CC9-2A7D-42FF-943C-5179EF490C3D} = {150CCC14-2744-41B4-81E5-9F6AEA31907F}
		{81BECB96-5908-4D4A-ACC6-599E0C43B0FE} = {EEAAC514-3B59-4487-BB96-EE2BD930682D}
		{43D5E810-8AC0-44D8-8F46-FCFBA3C3426A} = {EEAAC514-3B59-4487-BB96-EE2BD930682D}
	EndGlobalSection
	GlobalSection(ExtensibilityGlobals) = postSolution
		SolutionGuid = {2D1E68B8-FA94-4011-95D1-F8B3BD224DD6}
	EndGlobalSection
EndGlobal
