
Microsoft Visual Studio Solution File, Format Version 12.00
# Visual Studio Version 17
VisualStudioVersion = 17.0.31919.166
MinimumVisualStudioVersion = 10.0.40219.1
Project("{9A19103F-16F7-4668-BE54-9A1E7A4F7556}") = "HelloWorld", "HelloWorld\HelloWorld.csproj", "{547937F0-F6B2-48C6-BF5D-13EC1B42F857}"
EndProject
Project("{2150E333-8FDC-42A3-9474-1A3956D46DE8}") = "Modul01_Einstieg", "Modul01_Einstieg", "{97295DBF-4430-4F1F-ABC7-BB51B9105ECA}"
EndProject
Project("{9A19103F-16F7-4668-BE54-9A1E7A4F7556}") = "VariablesDataTypesSample", "VariablesDataTypesSample\VariablesDataTypesSample.csproj", "{639FA760-AB0B-47EB-ABBA-01D05FB44AEE}"
EndProject
Project("{2150E333-8FDC-42A3-9474-1A3956D46DE8}") = "Modul02_DatentypenVariablen", "Modul02_DatentypenVariablen", "{B05C5FED-D805-44DD-A4DE-0523B7F41C6A}"
EndProject
Project("{9A19103F-16F7-4668-BE54-9A1E7A4F7556}") = "Modul02_LabLoesung", "Modul02_LabLoesung\Modul02_LabLoesung.csproj", "{E2FA6343-17BB-4E89-B49F-B8207ED326C7}"
EndProject
Project("{2150E333-8FDC-42A3-9474-1A3956D46DE8}") = "Modul03_Array_Bedinungen", "Modul03_Array_Bedinungen", "{150CCC14-2744-41B4-81E5-9F6AEA31907F}"
EndProject
Project("{9A19103F-16F7-4668-BE54-9A1E7A4F7556}") = "Array_Conditions_Sample", "Array_Conditions_Sample\Array_Conditions_Sample.csproj", "{596C4CC9-2A7D-42FF-943C-5179EF490C3D}"
EndProject
Project("{2150E333-8FDC-42A3-9474-1A3956D46DE8}") = "Modul04_Schleifen_Enum_Switch", "Modul04_Schleifen_Enum_Switch", "{EEAAC514-3B59-4487-BB96-EE2BD930682D}"
EndProject
Project("{9A19103F-16F7-4668-BE54-9A1E7A4F7556}") = "Modul004Demo", "Modul004Demo\Modul004Demo.csproj", "{81BECB96-5908-4D4A-ACC6-599E0C43B0FE}"
EndProject
Project("{9A19103F-16F7-4668-BE54-9A1E7A4F7556}") = "Modul004Solution", "Modul004Solution\Modul004Solution.csproj", "{43D5E810-8AC0-44D8-8F46-FCFBA3C3426A}"
EndProject
Project("{2150E333-8FDC-42A3-9474-1A3956D46DE8}") = "Modul05_Funktionen", "Modul05_Funktionen", "{8D24881C-2615-4FE2-A5BA-385F58321981}"
EndProject
Project("{9A19103F-16F7-4668-BE54-9A1E7A4F7556}") = "Modul005_Functions", "Modul005_Functions\Modul005_Functions.csproj", "{FA8F7852-0C74-48C4-B386-0C8F6420677C}"
EndProject
Project("{9A19103F-16F7-4668-BE54-9A1E7A4F7556}") = "Modul005_Solution", "Modul005_Solution\Modul005_Solution.csproj", "{0C099AA4-79B9-438A-B881-6D30BB18CFC3}"
EndProject
Project("{2150E333-8FDC-42A3-9474-1A3956D46DE8}") = "Modul06_NamespacesClassFieldProperties", "Modul06_NamespacesClassFieldProperties", "{F9C175D0-35B2-4754-9D0C-887A20DEA5B7}"
EndProject
Project("{9A19103F-16F7-4668-BE54-9A1E7A4F7556}") = "NamespaceSample", "NamespaceSample\NamespaceSample.csproj", "{D19CEA62-397C-432E-9BEF-054B710621FF}"
EndProject
Project("{9A19103F-16F7-4668-BE54-9A1E7A4F7556}") = "MyClassSample", "MyClassSample\MyClassSample.csproj", "{C8BA2B0D-BEE1-4FF9-A4E3-1D72F8ADD4A7}"
EndProject
Project("{2150E333-8FDC-42A3-9474-1A3956D46DE8}") = "WiederholungTag3_ReferenceTypeVsValueTypes", "WiederholungTag3_ReferenceTypeVsValueTypes", "{15E7658E-6A65-425C-8761-EF5578E2A8AE}"
EndProject
Project("{9A19103F-16F7-4668-BE54-9A1E7A4F7556}") = "RefernceTypesVsValueTypes", "RefernceTypesVsValueTypes\RefernceTypesVsValueTypes.csproj", "{E07A7A12-7527-4FE6-A290-D144582AEB71}"
EndProject
Project("{2150E333-8FDC-42A3-9474-1A3956D46DE8}") = "Modul07_ValueTypesAndReferenceTypes", "Modul07_ValueTypesAndReferenceTypes", "{D8A63E1B-AA22-422A-8CFE-D7CD40C4EA28}"
EndProject
Project("{9A19103F-16F7-4668-BE54-9A1E7A4F7556}") = "ClassVsStructSample", "ClassVsStructSample\ClassVsStructSample.csproj", "{2F783E1E-D3E5-4A37-93A4-3B7CD823C289}"
EndProject
Project("{9A19103F-16F7-4668-BE54-9A1E7A4F7556}") = "Lab06_Fahrzeug", "Lab06_Fahrzeug\Lab06_Fahrzeug.csproj", "{9A24CA1A-4250-4BA1-BE48-75CFA4C94D4A}"
EndProject
Project("{9A19103F-16F7-4668-BE54-9A1E7A4F7556}") = "OOP", "OOP\OOP.csproj", "{925B5F7C-F9FC-48BC-B217-B34DED41AE1A}"
EndProject
Project("{2150E333-8FDC-42A3-9474-1A3956D46DE8}") = "WiederholungTag4", "WiederholungTag4", "{A33318D6-1E56-4BE6-98B5-B9E297E230FE}"
EndProject
Project("{9A19103F-16F7-4668-BE54-9A1E7A4F7556}") = "DestroyObjectsSample", "DestroyObjectsSample\DestroyObjectsSample.csproj", "{5D8303F1-2D7E-460A-975B-7277BCCD15A1}"
EndProject
Project("{9A19103F-16F7-4668-BE54-9A1E7A4F7556}") = "Lab07_Fahrzeuge", "Lab07_Fahrzeuge\Lab07_Fahrzeuge.csproj", "{172AB7C8-517B-4BDD-BA42-85A21882B6F5}"
EndProject
Project("{2150E333-8FDC-42A3-9474-1A3956D46DE8}") = "Modul08_Vererbung", "Modul08_Vererbung", "{4CA51C76-A54D-4808-978E-08790F6F6F93}"
EndProject
Project("{9A19103F-16F7-4668-BE54-9A1E7A4F7556}") = "Modul08_Lebewesen", "Modul08_Lebewesen\Modul08_Lebewesen.csproj", "{11C05BA6-FF65-40AB-9C34-3AEF27942968}"
EndProject
Project("{9A19103F-16F7-4668-BE54-9A1E7A4F7556}") = "GeoVirtualSample", "GeoVirtualSample\GeoVirtualSample.csproj", "{2A83A279-B027-40ED-BF91-1B2EA7DE50CA}"
EndProject
Project("{9A19103F-16F7-4668-BE54-9A1E7A4F7556}") = "GeoAbstractSample", "GeoAbstractSample\GeoAbstractSample.csproj", "{064A0C1E-66C2-439B-9C45-82CD4E0C35C2}"
EndProject
Project("{2150E333-8FDC-42A3-9474-1A3956D46DE8}") = "Modul09_Polymorphy", "Modul09_Polymorphy", "{EF1A5426-4BAE-46A1-A25E-0E371D39B89E}"
EndProject
Project("{9A19103F-16F7-4668-BE54-9A1E7A4F7556}") = "PolymorphySample", "PolymorphySample\PolymorphySample.csproj", "{1C911FE2-069B-4451-8C73-2A56A2C5A189}"
EndProject
Project("{9A19103F-16F7-4668-BE54-9A1E7A4F7556}") = "Modul08A_LabLoesungVererbung", "Modul08A_LabLoesungVererbung\Modul08A_LabLoesungVererbung.csproj", "{FC9AAA93-A102-4D7D-9F23-5EB2D613359B}"
EndProject
Project("{9A19103F-16F7-4668-BE54-9A1E7A4F7556}") = "Modul08B_LabLoesungVererbung", "Modul08B_LabLoesungVererbung\Modul08B_LabLoesungVererbung.csproj", "{D35DC6F1-6C7D-43FD-B9D0-2610F728AC79}"
EndProject
Project("{2150E333-8FDC-42A3-9474-1A3956D46DE8}") = "Modul10_Interfaces", "Modul10_Interfaces", "{E987E090-C09B-4326-8C4A-21700AEE3517}"
EndProject
Project("{9A19103F-16F7-4668-BE54-9A1E7A4F7556}") = "FahrzeugLib", "FahrzeugLib\FahrzeugLib.csproj", "{3BF5066C-113B-42E0-8095-69686A73C62C}"
EndProject
Project("{9A19103F-16F7-4668-BE54-9A1E7A4F7556}") = "FahrzeugConsole", "FahrzeugConsole\FahrzeugConsole.csproj", "{7AB799EE-08BC-4FDA-89D0-0020B47769B5}"
EndProject
Project("{9A19103F-16F7-4668-BE54-9A1E7A4F7556}") = "Jahrmarkt", "Jahrmarkt\Jahrmarkt.csproj", "{F102EA61-6A06-4BB0-AC34-207C2B8CDF92}"
EndProject
Project("{2150E333-8FDC-42A3-9474-1A3956D46DE8}") = "Modul011_Collections", "Modul011_Collections", "{AC5BAA08-A74E-442C-A961-616818914951}"
EndProject
Project("{9A19103F-16F7-4668-BE54-9A1E7A4F7556}") = "CollectionDemo", "CollectionDemo\CollectionDemo.csproj", "{821CDCDA-5D89-4311-BB49-B7AC6269C796}"
EndProject
Project("{2150E333-8FDC-42A3-9474-1A3956D46DE8}") = "Modul12_Fehlerbehandlung", "Modul12_Fehlerbehandlung", "{15605852-48BA-4106-A53D-9AAA5C4D987F}"
EndProject
Project("{9A19103F-16F7-4668-BE54-9A1E7A4F7556}") = "ExceptionHandling", "ExceptionHandling\ExceptionHandling.csproj", "{00AF969F-14D0-4BFA-8BE7-78A160128FA3}"
EndProject
Project("{9A19103F-16F7-4668-BE54-9A1E7A4F7556}") = "MyLib", "MyLib\MyLib.csproj", "{F92AA07E-FC81-47C8-B6CB-8E3F5F098A31}"
EndProject
Project("{9A19103F-16F7-4668-BE54-9A1E7A4F7556}") = "ExceptionHandling2", "ExceptionHandling2\ExceptionHandling2.csproj", "{5D45646F-B9AD-4F2B-A74C-CCF870D1284A}"
EndProject
Project("{2150E333-8FDC-42A3-9474-1A3956D46DE8}") = "Modul12a_UnitTest", "Modul12a_UnitTest", "{79E847A2-0107-4A4F-A020-CB06D9DF8ABF}"
EndProject
Project("{9A19103F-16F7-4668-BE54-9A1E7A4F7556}") = "CalculationLibrary", "CalculationLibrary\CalculationLibrary.csproj", "{CEC9432A-C4AE-4B29-A840-9776CA2948BB}"
EndProject
Project("{9A19103F-16F7-4668-BE54-9A1E7A4F7556}") = "Calculator.Test", "Calculator.Test\Calculator.Test.csproj", "{0D8E6D8E-40C4-46AD-9899-DEA473462C0D}"
EndProject
Project("{2150E333-8FDC-42A3-9474-1A3956D46DE8}") = "BenchmarkTest", "BenchmarkTest", "{D029B85F-8295-4B97-8E56-80342799039E}"
EndProject
Project("{9A19103F-16F7-4668-BE54-9A1E7A4F7556}") = "StringBuilderBenchmarkDemo", "StringBuilderBenchmarkDemo\StringBuilderBenchmarkDemo.csproj", "{A7F133F7-6F15-44A5-9FD7-3F1ECDA8C457}"
EndProject
Project("{2150E333-8FDC-42A3-9474-1A3956D46DE8}") = "Extended_StringBuilder", "Extended_StringBuilder", "{E27CFE0C-4D6C-45FB-A65F-3F0E6FBE90B8}"
EndProject
Project("{FAE04EC0-301F-11D3-BF4B-00C04F79EFBC}") = "StringBuilderDemo", "StringBuilderDemo\StringBuilderDemo.csproj", "{E3D6E3AA-B568-4228-B0BA-20D63139540F}"
EndProject
Global
	GlobalSection(SolutionConfigurationPlatforms) = preSolution
		Debug|Any CPU = Debug|Any CPU
		Release|Any CPU = Release|Any CPU
	EndGlobalSection
	GlobalSection(ProjectConfigurationPlatforms) = postSolution
		{547937F0-F6B2-48C6-BF5D-13EC1B42F857}.Debug|Any CPU.ActiveCfg = Debug|Any CPU
		{547937F0-F6B2-48C6-BF5D-13EC1B42F857}.Debug|Any CPU.Build.0 = Debug|Any CPU
		{547937F0-F6B2-48C6-BF5D-13EC1B42F857}.Release|Any CPU.ActiveCfg = Release|Any CPU
		{547937F0-F6B2-48C6-BF5D-13EC1B42F857}.Release|Any CPU.Build.0 = Release|Any CPU
		{639FA760-AB0B-47EB-ABBA-01D05FB44AEE}.Debug|Any CPU.ActiveCfg = Debug|Any CPU
		{639FA760-AB0B-47EB-ABBA-01D05FB44AEE}.Debug|Any CPU.Build.0 = Debug|Any CPU
		{639FA760-AB0B-47EB-ABBA-01D05FB44AEE}.Release|Any CPU.ActiveCfg = Release|Any CPU
		{639FA760-AB0B-47EB-ABBA-01D05FB44AEE}.Release|Any CPU.Build.0 = Release|Any CPU
		{E2FA6343-17BB-4E89-B49F-B8207ED326C7}.Debug|Any CPU.ActiveCfg = Debug|Any CPU
		{E2FA6343-17BB-4E89-B49F-B8207ED326C7}.Debug|Any CPU.Build.0 = Debug|Any CPU
		{E2FA6343-17BB-4E89-B49F-B8207ED326C7}.Release|Any CPU.ActiveCfg = Release|Any CPU
		{E2FA6343-17BB-4E89-B49F-B8207ED326C7}.Release|Any CPU.Build.0 = Release|Any CPU
		{596C4CC9-2A7D-42FF-943C-5179EF490C3D}.Debug|Any CPU.ActiveCfg = Debug|Any CPU
		{596C4CC9-2A7D-42FF-943C-5179EF490C3D}.Debug|Any CPU.Build.0 = Debug|Any CPU
		{596C4CC9-2A7D-42FF-943C-5179EF490C3D}.Release|Any CPU.ActiveCfg = Release|Any CPU
		{596C4CC9-2A7D-42FF-943C-5179EF490C3D}.Release|Any CPU.Build.0 = Release|Any CPU
		{81BECB96-5908-4D4A-ACC6-599E0C43B0FE}.Debug|Any CPU.ActiveCfg = Debug|Any CPU
		{81BECB96-5908-4D4A-ACC6-599E0C43B0FE}.Debug|Any CPU.Build.0 = Debug|Any CPU
		{81BECB96-5908-4D4A-ACC6-599E0C43B0FE}.Release|Any CPU.ActiveCfg = Release|Any CPU
		{81BECB96-5908-4D4A-ACC6-599E0C43B0FE}.Release|Any CPU.Build.0 = Release|Any CPU
		{43D5E810-8AC0-44D8-8F46-FCFBA3C3426A}.Debug|Any CPU.ActiveCfg = Debug|Any CPU
		{43D5E810-8AC0-44D8-8F46-FCFBA3C3426A}.Debug|Any CPU.Build.0 = Debug|Any CPU
		{43D5E810-8AC0-44D8-8F46-FCFBA3C3426A}.Release|Any CPU.ActiveCfg = Release|Any CPU
		{43D5E810-8AC0-44D8-8F46-FCFBA3C3426A}.Release|Any CPU.Build.0 = Release|Any CPU
		{FA8F7852-0C74-48C4-B386-0C8F6420677C}.Debug|Any CPU.ActiveCfg = Debug|Any CPU
		{FA8F7852-0C74-48C4-B386-0C8F6420677C}.Debug|Any CPU.Build.0 = Debug|Any CPU
		{FA8F7852-0C74-48C4-B386-0C8F6420677C}.Release|Any CPU.ActiveCfg = Release|Any CPU
		{FA8F7852-0C74-48C4-B386-0C8F6420677C}.Release|Any CPU.Build.0 = Release|Any CPU
		{0C099AA4-79B9-438A-B881-6D30BB18CFC3}.Debug|Any CPU.ActiveCfg = Debug|Any CPU
		{0C099AA4-79B9-438A-B881-6D30BB18CFC3}.Debug|Any CPU.Build.0 = Debug|Any CPU
		{0C099AA4-79B9-438A-B881-6D30BB18CFC3}.Release|Any CPU.ActiveCfg = Release|Any CPU
		{0C099AA4-79B9-438A-B881-6D30BB18CFC3}.Release|Any CPU.Build.0 = Release|Any CPU
		{D19CEA62-397C-432E-9BEF-054B710621FF}.Debug|Any CPU.ActiveCfg = Debug|Any CPU
		{D19CEA62-397C-432E-9BEF-054B710621FF}.Debug|Any CPU.Build.0 = Debug|Any CPU
		{D19CEA62-397C-432E-9BEF-054B710621FF}.Release|Any CPU.ActiveCfg = Release|Any CPU
		{D19CEA62-397C-432E-9BEF-054B710621FF}.Release|Any CPU.Build.0 = Release|Any CPU
		{C8BA2B0D-BEE1-4FF9-A4E3-1D72F8ADD4A7}.Debug|Any CPU.ActiveCfg = Debug|Any CPU
		{C8BA2B0D-BEE1-4FF9-A4E3-1D72F8ADD4A7}.Debug|Any CPU.Build.0 = Debug|Any CPU
		{C8BA2B0D-BEE1-4FF9-A4E3-1D72F8ADD4A7}.Release|Any CPU.ActiveCfg = Release|Any CPU
		{C8BA2B0D-BEE1-4FF9-A4E3-1D72F8ADD4A7}.Release|Any CPU.Build.0 = Release|Any CPU
		{E07A7A12-7527-4FE6-A290-D144582AEB71}.Debug|Any CPU.ActiveCfg = Debug|Any CPU
		{E07A7A12-7527-4FE6-A290-D144582AEB71}.Debug|Any CPU.Build.0 = Debug|Any CPU
		{E07A7A12-7527-4FE6-A290-D144582AEB71}.Release|Any CPU.ActiveCfg = Release|Any CPU
		{E07A7A12-7527-4FE6-A290-D144582AEB71}.Release|Any CPU.Build.0 = Release|Any CPU
		{2F783E1E-D3E5-4A37-93A4-3B7CD823C289}.Debug|Any CPU.ActiveCfg = Debug|Any CPU
		{2F783E1E-D3E5-4A37-93A4-3B7CD823C289}.Debug|Any CPU.Build.0 = Debug|Any CPU
		{2F783E1E-D3E5-4A37-93A4-3B7CD823C289}.Release|Any CPU.ActiveCfg = Release|Any CPU
		{2F783E1E-D3E5-4A37-93A4-3B7CD823C289}.Release|Any CPU.Build.0 = Release|Any CPU
		{9A24CA1A-4250-4BA1-BE48-75CFA4C94D4A}.Debug|Any CPU.ActiveCfg = Debug|Any CPU
		{9A24CA1A-4250-4BA1-BE48-75CFA4C94D4A}.Debug|Any CPU.Build.0 = Debug|Any CPU
		{9A24CA1A-4250-4BA1-BE48-75CFA4C94D4A}.Release|Any CPU.ActiveCfg = Release|Any CPU
		{9A24CA1A-4250-4BA1-BE48-75CFA4C94D4A}.Release|Any CPU.Build.0 = Release|Any CPU
		{925B5F7C-F9FC-48BC-B217-B34DED41AE1A}.Debug|Any CPU.ActiveCfg = Debug|Any CPU
		{925B5F7C-F9FC-48BC-B217-B34DED41AE1A}.Debug|Any CPU.Build.0 = Debug|Any CPU
		{925B5F7C-F9FC-48BC-B217-B34DED41AE1A}.Release|Any CPU.ActiveCfg = Release|Any CPU
		{925B5F7C-F9FC-48BC-B217-B34DED41AE1A}.Release|Any CPU.Build.0 = Release|Any CPU
		{5D8303F1-2D7E-460A-975B-7277BCCD15A1}.Debug|Any CPU.ActiveCfg = Debug|Any CPU
		{5D8303F1-2D7E-460A-975B-7277BCCD15A1}.Debug|Any CPU.Build.0 = Debug|Any CPU
		{5D8303F1-2D7E-460A-975B-7277BCCD15A1}.Release|Any CPU.ActiveCfg = Release|Any CPU
		{5D8303F1-2D7E-460A-975B-7277BCCD15A1}.Release|Any CPU.Build.0 = Release|Any CPU
		{172AB7C8-517B-4BDD-BA42-85A21882B6F5}.Debug|Any CPU.ActiveCfg = Debug|Any CPU
		{172AB7C8-517B-4BDD-BA42-85A21882B6F5}.Debug|Any CPU.Build.0 = Debug|Any CPU
		{172AB7C8-517B-4BDD-BA42-85A21882B6F5}.Release|Any CPU.ActiveCfg = Release|Any CPU
		{172AB7C8-517B-4BDD-BA42-85A21882B6F5}.Release|Any CPU.Build.0 = Release|Any CPU
		{11C05BA6-FF65-40AB-9C34-3AEF27942968}.Debug|Any CPU.ActiveCfg = Debug|Any CPU
		{11C05BA6-FF65-40AB-9C34-3AEF27942968}.Debug|Any CPU.Build.0 = Debug|Any CPU
		{11C05BA6-FF65-40AB-9C34-3AEF27942968}.Release|Any CPU.ActiveCfg = Release|Any CPU
		{11C05BA6-FF65-40AB-9C34-3AEF27942968}.Release|Any CPU.Build.0 = Release|Any CPU
		{2A83A279-B027-40ED-BF91-1B2EA7DE50CA}.Debug|Any CPU.ActiveCfg = Debug|Any CPU
		{2A83A279-B027-40ED-BF91-1B2EA7DE50CA}.Debug|Any CPU.Build.0 = Debug|Any CPU
		{2A83A279-B027-40ED-BF91-1B2EA7DE50CA}.Release|Any CPU.ActiveCfg = Release|Any CPU
		{2A83A279-B027-40ED-BF91-1B2EA7DE50CA}.Release|Any CPU.Build.0 = Release|Any CPU
		{064A0C1E-66C2-439B-9C45-82CD4E0C35C2}.Debug|Any CPU.ActiveCfg = Debug|Any CPU
		{064A0C1E-66C2-439B-9C45-82CD4E0C35C2}.Debug|Any CPU.Build.0 = Debug|Any CPU
		{064A0C1E-66C2-439B-9C45-82CD4E0C35C2}.Release|Any CPU.ActiveCfg = Release|Any CPU
		{064A0C1E-66C2-439B-9C45-82CD4E0C35C2}.Release|Any CPU.Build.0 = Release|Any CPU
		{1C911FE2-069B-4451-8C73-2A56A2C5A189}.Debug|Any CPU.ActiveCfg = Debug|Any CPU
		{1C911FE2-069B-4451-8C73-2A56A2C5A189}.Debug|Any CPU.Build.0 = Debug|Any CPU
		{1C911FE2-069B-4451-8C73-2A56A2C5A189}.Release|Any CPU.ActiveCfg = Release|Any CPU
		{1C911FE2-069B-4451-8C73-2A56A2C5A189}.Release|Any CPU.Build.0 = Release|Any CPU
		{FC9AAA93-A102-4D7D-9F23-5EB2D613359B}.Debug|Any CPU.ActiveCfg = Debug|Any CPU
		{FC9AAA93-A102-4D7D-9F23-5EB2D613359B}.Debug|Any CPU.Build.0 = Debug|Any CPU
		{FC9AAA93-A102-4D7D-9F23-5EB2D613359B}.Release|Any CPU.ActiveCfg = Release|Any CPU
		{FC9AAA93-A102-4D7D-9F23-5EB2D613359B}.Release|Any CPU.Build.0 = Release|Any CPU
		{D35DC6F1-6C7D-43FD-B9D0-2610F728AC79}.Debug|Any CPU.ActiveCfg = Debug|Any CPU
		{D35DC6F1-6C7D-43FD-B9D0-2610F728AC79}.Debug|Any CPU.Build.0 = Debug|Any CPU
		{D35DC6F1-6C7D-43FD-B9D0-2610F728AC79}.Release|Any CPU.ActiveCfg = Release|Any CPU
		{D35DC6F1-6C7D-43FD-B9D0-2610F728AC79}.Release|Any CPU.Build.0 = Release|Any CPU
		{3BF5066C-113B-42E0-8095-69686A73C62C}.Debug|Any CPU.ActiveCfg = Debug|Any CPU
		{3BF5066C-113B-42E0-8095-69686A73C62C}.Debug|Any CPU.Build.0 = Debug|Any CPU
		{3BF5066C-113B-42E0-8095-69686A73C62C}.Release|Any CPU.ActiveCfg = Release|Any CPU
		{3BF5066C-113B-42E0-8095-69686A73C62C}.Release|Any CPU.Build.0 = Release|Any CPU
		{7AB799EE-08BC-4FDA-89D0-0020B47769B5}.Debug|Any CPU.ActiveCfg = Debug|Any CPU
		{7AB799EE-08BC-4FDA-89D0-0020B47769B5}.Debug|Any CPU.Build.0 = Debug|Any CPU
		{7AB799EE-08BC-4FDA-89D0-0020B47769B5}.Release|Any CPU.ActiveCfg = Release|Any CPU
		{7AB799EE-08BC-4FDA-89D0-0020B47769B5}.Release|Any CPU.Build.0 = Release|Any CPU
		{F102EA61-6A06-4BB0-AC34-207C2B8CDF92}.Debug|Any CPU.ActiveCfg = Debug|Any CPU
		{F102EA61-6A06-4BB0-AC34-207C2B8CDF92}.Debug|Any CPU.Build.0 = Debug|Any CPU
		{F102EA61-6A06-4BB0-AC34-207C2B8CDF92}.Release|Any CPU.ActiveCfg = Release|Any CPU
		{F102EA61-6A06-4BB0-AC34-207C2B8CDF92}.Release|Any CPU.Build.0 = Release|Any CPU
		{821CDCDA-5D89-4311-BB49-B7AC6269C796}.Debug|Any CPU.ActiveCfg = Debug|Any CPU
		{821CDCDA-5D89-4311-BB49-B7AC6269C796}.Debug|Any CPU.Build.0 = Debug|Any CPU
		{821CDCDA-5D89-4311-BB49-B7AC6269C796}.Release|Any CPU.ActiveCfg = Release|Any CPU
		{821CDCDA-5D89-4311-BB49-B7AC6269C796}.Release|Any CPU.Build.0 = Release|Any CPU
		{00AF969F-14D0-4BFA-8BE7-78A160128FA3}.Debug|Any CPU.ActiveCfg = Debug|Any CPU
		{00AF969F-14D0-4BFA-8BE7-78A160128FA3}.Debug|Any CPU.Build.0 = Debug|Any CPU
		{00AF969F-14D0-4BFA-8BE7-78A160128FA3}.Release|Any CPU.ActiveCfg = Release|Any CPU
		{00AF969F-14D0-4BFA-8BE7-78A160128FA3}.Release|Any CPU.Build.0 = Release|Any CPU
		{F92AA07E-FC81-47C8-B6CB-8E3F5F098A31}.Debug|Any CPU.ActiveCfg = Debug|Any CPU
		{F92AA07E-FC81-47C8-B6CB-8E3F5F098A31}.Debug|Any CPU.Build.0 = Debug|Any CPU
		{F92AA07E-FC81-47C8-B6CB-8E3F5F098A31}.Release|Any CPU.ActiveCfg = Release|Any CPU
		{F92AA07E-FC81-47C8-B6CB-8E3F5F098A31}.Release|Any CPU.Build.0 = Release|Any CPU
		{5D45646F-B9AD-4F2B-A74C-CCF870D1284A}.Debug|Any CPU.ActiveCfg = Debug|Any CPU
		{5D45646F-B9AD-4F2B-A74C-CCF870D1284A}.Debug|Any CPU.Build.0 = Debug|Any CPU
		{5D45646F-B9AD-4F2B-A74C-CCF870D1284A}.Release|Any CPU.ActiveCfg = Release|Any CPU
		{5D45646F-B9AD-4F2B-A74C-CCF870D1284A}.Release|Any CPU.Build.0 = Release|Any CPU
		{CEC9432A-C4AE-4B29-A840-9776CA2948BB}.Debug|Any CPU.ActiveCfg = Debug|Any CPU
		{CEC9432A-C4AE-4B29-A840-9776CA2948BB}.Debug|Any CPU.Build.0 = Debug|Any CPU
		{CEC9432A-C4AE-4B29-A840-9776CA2948BB}.Release|Any CPU.ActiveCfg = Release|Any CPU
		{CEC9432A-C4AE-4B29-A840-9776CA2948BB}.Release|Any CPU.Build.0 = Release|Any CPU
		{0D8E6D8E-40C4-46AD-9899-DEA473462C0D}.Debug|Any CPU.ActiveCfg = Debug|Any CPU
		{0D8E6D8E-40C4-46AD-9899-DEA473462C0D}.Debug|Any CPU.Build.0 = Debug|Any CPU
		{0D8E6D8E-40C4-46AD-9899-DEA473462C0D}.Release|Any CPU.ActiveCfg = Release|Any CPU
		{0D8E6D8E-40C4-46AD-9899-DEA473462C0D}.Release|Any CPU.Build.0 = Release|Any CPU
		{A7F133F7-6F15-44A5-9FD7-3F1ECDA8C457}.Debug|Any CPU.ActiveCfg = Debug|Any CPU
		{A7F133F7-6F15-44A5-9FD7-3F1ECDA8C457}.Debug|Any CPU.Build.0 = Debug|Any CPU
		{A7F133F7-6F15-44A5-9FD7-3F1ECDA8C457}.Release|Any CPU.ActiveCfg = Release|Any CPU
		{A7F133F7-6F15-44A5-9FD7-3F1ECDA8C457}.Release|Any CPU.Build.0 = Release|Any CPU
		{E3D6E3AA-B568-4228-B0BA-20D63139540F}.Debug|Any CPU.ActiveCfg = Debug|Any CPU
		{E3D6E3AA-B568-4228-B0BA-20D63139540F}.Debug|Any CPU.Build.0 = Debug|Any CPU
		{E3D6E3AA-B568-4228-B0BA-20D63139540F}.Release|Any CPU.ActiveCfg = Release|Any CPU
		{E3D6E3AA-B568-4228-B0BA-20D63139540F}.Release|Any CPU.Build.0 = Release|Any CPU
	EndGlobalSection
	GlobalSection(SolutionProperties) = preSolution
		HideSolutionNode = FALSE
	EndGlobalSection
	GlobalSection(NestedProjects) = preSolution
		{547937F0-F6B2-48C6-BF5D-13EC1B42F857} = {97295DBF-4430-4F1F-ABC7-BB51B9105ECA}
		{639FA760-AB0B-47EB-ABBA-01D05FB44AEE} = {B05C5FED-D805-44DD-A4DE-0523B7F41C6A}
		{E2FA6343-17BB-4E89-B49F-B8207ED326C7} = {B05C5FED-D805-44DD-A4DE-0523B7F41C6A}
		{596C4CC9-2A7D-42FF-943C-5179EF490C3D} = {150CCC14-2744-41B4-81E5-9F6AEA31907F}
		{81BECB96-5908-4D4A-ACC6-599E0C43B0FE} = {EEAAC514-3B59-4487-BB96-EE2BD930682D}
		{43D5E810-8AC0-44D8-8F46-FCFBA3C3426A} = {EEAAC514-3B59-4487-BB96-EE2BD930682D}
		{FA8F7852-0C74-48C4-B386-0C8F6420677C} = {8D24881C-2615-4FE2-A5BA-385F58321981}
		{0C099AA4-79B9-438A-B881-6D30BB18CFC3} = {8D24881C-2615-4FE2-A5BA-385F58321981}
		{D19CEA62-397C-432E-9BEF-054B710621FF} = {F9C175D0-35B2-4754-9D0C-887A20DEA5B7}
		{C8BA2B0D-BEE1-4FF9-A4E3-1D72F8ADD4A7} = {F9C175D0-35B2-4754-9D0C-887A20DEA5B7}
		{E07A7A12-7527-4FE6-A290-D144582AEB71} = {15E7658E-6A65-425C-8761-EF5578E2A8AE}
		{2F783E1E-D3E5-4A37-93A4-3B7CD823C289} = {D8A63E1B-AA22-422A-8CFE-D7CD40C4EA28}
		{9A24CA1A-4250-4BA1-BE48-75CFA4C94D4A} = {F9C175D0-35B2-4754-9D0C-887A20DEA5B7}
		{925B5F7C-F9FC-48BC-B217-B34DED41AE1A} = {D8A63E1B-AA22-422A-8CFE-D7CD40C4EA28}
		{5D8303F1-2D7E-460A-975B-7277BCCD15A1} = {A33318D6-1E56-4BE6-98B5-B9E297E230FE}
		{172AB7C8-517B-4BDD-BA42-85A21882B6F5} = {D8A63E1B-AA22-422A-8CFE-D7CD40C4EA28}
		{11C05BA6-FF65-40AB-9C34-3AEF27942968} = {4CA51C76-A54D-4808-978E-08790F6F6F93}
		{2A83A279-B027-40ED-BF91-1B2EA7DE50CA} = {4CA51C76-A54D-4808-978E-08790F6F6F93}
		{064A0C1E-66C2-439B-9C45-82CD4E0C35C2} = {4CA51C76-A54D-4808-978E-08790F6F6F93}
		{1C911FE2-069B-4451-8C73-2A56A2C5A189} = {EF1A5426-4BAE-46A1-A25E-0E371D39B89E}
		{FC9AAA93-A102-4D7D-9F23-5EB2D613359B} = {4CA51C76-A54D-4808-978E-08790F6F6F93}
		{D35DC6F1-6C7D-43FD-B9D0-2610F728AC79} = {4CA51C76-A54D-4808-978E-08790F6F6F93}
		{3BF5066C-113B-42E0-8095-69686A73C62C} = {EF1A5426-4BAE-46A1-A25E-0E371D39B89E}
		{7AB799EE-08BC-4FDA-89D0-0020B47769B5} = {EF1A5426-4BAE-46A1-A25E-0E371D39B89E}
		{F102EA61-6A06-4BB0-AC34-207C2B8CDF92} = {E987E090-C09B-4326-8C4A-21700AEE3517}
		{821CDCDA-5D89-4311-BB49-B7AC6269C796} = {AC5BAA08-A74E-442C-A961-616818914951}
		{00AF969F-14D0-4BFA-8BE7-78A160128FA3} = {15605852-48BA-4106-A53D-9AAA5C4D987F}
		{F92AA07E-FC81-47C8-B6CB-8E3F5F098A31} = {15605852-48BA-4106-A53D-9AAA5C4D987F}
		{5D45646F-B9AD-4F2B-A74C-CCF870D1284A} = {15605852-48BA-4106-A53D-9AAA5C4D987F}
		{CEC9432A-C4AE-4B29-A840-9776CA2948BB} = {79E847A2-0107-4A4F-A020-CB06D9DF8ABF}
		{0D8E6D8E-40C4-46AD-9899-DEA473462C0D} = {79E847A2-0107-4A4F-A020-CB06D9DF8ABF}
		{A7F133F7-6F15-44A5-9FD7-3F1ECDA8C457} = {D029B85F-8295-4B97-8E56-80342799039E}
		{E3D6E3AA-B568-4228-B0BA-20D63139540F} = {E27CFE0C-4D6C-45FB-A65F-3F0E6FBE90B8}
	EndGlobalSection
	GlobalSection(ExtensibilityGlobals) = postSolution
		SolutionGuid = {2D1E68B8-FA94-4011-95D1-F8B3BD224DD6}
	EndGlobalSection
EndGlobal
